
Microsoft Visual Studio Solution File, Format Version 12.00
# Visual Studio Version 17
VisualStudioVersion = 17.10.35122.118
MinimumVisualStudioVersion = 10.0.40219.1
Project("{FAE04EC0-301F-11D3-BF4B-00C04F79EFBC}") = "GestionDeInventario", "GestionDeInventario.csproj", "{DBA2B6F8-7934-4B45-99C5-00AA3F20502B}"
EndProject
Global
	GlobalSection(SolutionConfigurationPlatforms) = preSolution
		Debug|Any CPU = Debug|Any CPU
		Release|Any CPU = Release|Any CPU
	EndGlobalSection
	GlobalSection(ProjectConfigurationPlatforms) = postSolution
		{DBA2B6F8-7934-4B45-99C5-00AA3F20502B}.Debug|Any CPU.ActiveCfg = Debug|Any CPU
		{DBA2B6F8-7934-4B45-99C5-00AA3F20502B}.Debug|Any CPU.Build.0 = Debug|Any CPU
		{DBA2B6F8-7934-4B45-99C5-00AA3F20502B}.Release|Any CPU.ActiveCfg = Release|Any CPU
		{DBA2B6F8-7934-4B45-99C5-00AA3F20502B}.Release|Any CPU.Build.0 = Release|Any CPU
	EndGlobalSection
	GlobalSection(SolutionProperties) = preSolution
		HideSolutionNode = FALSE
	EndGlobalSection
	GlobalSection(ExtensibilityGlobals) = postSolution
		SolutionGuid = {9036F28E-7394-4938-BDB4-230E848CA571}
	EndGlobalSection
EndGlobal
